<Solution>
  <Folder Name="/src/" />
  <Folder Name="/src/BuildingBlocks/" />
  <Folder Name="/src/BuildingBlocks/Logging/">
    <Project Path="src/BuildingBlocks/Logging/Common.Logging/Common.Logging.csproj" Id="a0b5ef40-d5e1-421c-85b3-1ecbbdaaeda3" />
  </Folder>
  <Folder Name="/src/Services/" />
  <Folder Name="/src/Services/Catalog/">
    <Project Path="src/Services/Catalog/Catalog.Api/Catalog.Api.csproj" />
    <Project Path="src/Services/Catalog/Catalog.Application/Catalog.Application.csproj" Id="65ad8d56-8828-4d9e-abbe-06f6b61cea9d" />
    <Project Path="src/Services/Catalog/Catalog.Domain/Catalog.Domain.csproj" Id="6ef6c356-09b1-4366-83a9-2c79c58474dd" />
    <Project Path="src/Services/Catalog/Catalog.Infrastructure/Catalog.Infrastructure.csproj" Id="d8966bf6-23c4-47b7-aa40-abd5aa78ebd2" />
  </Folder>
  <Project Path="docker-compose.dcproj">
    <Build />
  </Project>
</Solution>
